
Microsoft Visual Studio Solution File, Format Version 12.00
# Visual Studio Version 16
VisualStudioVersion = 16.0.30907.101
MinimumVisualStudioVersion = 10.0.40219.1
Project("{2150E333-8FDC-42A3-9474-1A3956D46DE8}") = "Data", "Data", "{95D5B5F8-AA76-4129-AD41-8F3BDB26CF5E}"
EndProject
Project("{2150E333-8FDC-42A3-9474-1A3956D46DE8}") = "APIs", "APIs", "{0F4022B0-2503-4786-9BE5-FB9B1F89344E}"
EndProject
Project("{2150E333-8FDC-42A3-9474-1A3956D46DE8}") = "UI", "UI", "{6242F99E-B6C2-4416-BBC2-A93243E0FE79}"
EndProject
Project("{2150E333-8FDC-42A3-9474-1A3956D46DE8}") = "Utility", "Utility", "{A5234160-739C-42BD-97E0-40AE1D9EFB9D}"
EndProject
Project("{2150E333-8FDC-42A3-9474-1A3956D46DE8}") = "Cloud.Services", "Cloud.Services", "{2AC103F5-A3CF-49A9-8D33-8B2AADEC360D}"
EndProject
Project("{9A19103F-16F7-4668-BE54-9A1E7A4F7556}") = "CERA.Logging", "CERA.Logging\CERA.Logging.csproj", "{82D50166-5D5E-4B8B-82D6-2479052CA65D}"
EndProject
Project("{9A19103F-16F7-4668-BE54-9A1E7A4F7556}") = "CERA.Converter", "CERA.Converter\CERA.Converter.csproj", "{53AFEC06-6AE0-4363-8EFB-666B94D537A2}"
EndProject
Project("{9A19103F-16F7-4668-BE54-9A1E7A4F7556}") = "CERA.CloudService", "CERA.CloudService\CERA.CloudService.csproj", "{C897A009-3779-426E-83F3-AED7EF2C8480}"
EndProject
Project("{9A19103F-16F7-4668-BE54-9A1E7A4F7556}") = "CERA.DataOperation", "CERA.DataOperation\CERA.DataOperation.csproj", "{71F6038B-A298-4949-B3E0-087C2E1A7643}"
EndProject
Project("{9A19103F-16F7-4668-BE54-9A1E7A4F7556}") = "CERA.AuthenticationService", "CERA.AuthenticationService\CERA.AuthenticationService.csproj", "{26912149-350B-479F-BFCA-68702FD594E2}"
EndProject
Project("{9A19103F-16F7-4668-BE54-9A1E7A4F7556}") = "CERA.Azure.CloudService", "CERA.Azure.CloudService\CERA.Azure.CloudService.csproj", "{FC1886A0-BBD1-4C1D-95C2-DA7F8B80084E}"
EndProject
Project("{9A19103F-16F7-4668-BE54-9A1E7A4F7556}") = "CERA.Platform", "CERA.Platform\CERA.Platform.csproj", "{5E6B7609-4F03-42A4-9006-7E063DBD4C2C}"
EndProject
Project("{9A19103F-16F7-4668-BE54-9A1E7A4F7556}") = "CERA.AWS.CloudService", "CERA.AWS.CloudServices\CERA.AWS.CloudService.csproj", "{FFDD8858-58B4-4533-8EC5-8F89D93BFB71}"
EndProject
Project("{2150E333-8FDC-42A3-9474-1A3956D46DE8}") = "Test", "Test", "{1595552A-CC48-459C-A848-DB4E3B611547}"
EndProject
Project("{2150E333-8FDC-42A3-9474-1A3956D46DE8}") = "Client", "Client", "{D9630185-6953-4D04-84F3-CAC7DC854B70}"
EndProject
Project("{9A19103F-16F7-4668-BE54-9A1E7A4F7556}") = "CERA.Tests", "CERA.Tests\CERA.Tests.csproj", "{A5BBE41A-AFBB-4ED0-AD62-35FE2E094BDB}"
EndProject
Project("{2150E333-8FDC-42A3-9474-1A3956D46DE8}") = "Interfaces", "Interfaces", "{D4261D39-C923-42F4-ACAF-90FEBFA43B54}"
EndProject
Project("{2150E333-8FDC-42A3-9474-1A3956D46DE8}") = "Implementations", "Implementations", "{97D5DBDA-37E1-4E8D-9358-7E250A919C5C}"
EndProject
Project("{2150E333-8FDC-42A3-9474-1A3956D46DE8}") = "Enitites", "Enitites", "{1FDD6A18-DCFA-4200-A6BC-CB5B91082D9F}"
	ProjectSection(SolutionItems) = preProject
		BaseEntity.cs = BaseEntity.cs
	EndProjectSection
EndProject
Project("{9A19103F-16F7-4668-BE54-9A1E7A4F7556}") = "CERA.Entities", "CERA.Entities\CERA.Entities.csproj", "{53F49625-7518-4F07-99B6-6AAFBE366E12}"
EndProject
Project("{2150E333-8FDC-42A3-9474-1A3956D46DE8}") = "Authenticaton", "Authenticaton", "{51D6ECDD-6121-401C-93E6-8EF0C159451C}"
EndProject
Project("{9A19103F-16F7-4668-BE54-9A1E7A4F7556}") = "CERASyncAPI", "TestCERAClient\CERASyncAPI.csproj", "{68BBA9C0-DD49-4824-9D92-C7FDC502BAF4}"
EndProject
Project("{9A19103F-16F7-4668-BE54-9A1E7A4F7556}") = "CERADataAPI", "CERADataAPI\CERADataAPI.csproj", "{BACF39CD-3320-4CCE-B368-FC5F7136730B}"
EndProject
Project("{9A19103F-16F7-4668-BE54-9A1E7A4F7556}") = "CeraWebApplication", "CeraWebApplication\CeraWebApplication.csproj", "{054DC178-95D9-4AAA-8DBE-1C4CC521DBFD}"
EndProject
Global
	GlobalSection(SolutionConfigurationPlatforms) = preSolution
		Debug|Any CPU = Debug|Any CPU
		Release|Any CPU = Release|Any CPU
	EndGlobalSection
	GlobalSection(ProjectConfigurationPlatforms) = postSolution
		{82D50166-5D5E-4B8B-82D6-2479052CA65D}.Debug|Any CPU.ActiveCfg = Debug|Any CPU
		{82D50166-5D5E-4B8B-82D6-2479052CA65D}.Debug|Any CPU.Build.0 = Debug|Any CPU
		{82D50166-5D5E-4B8B-82D6-2479052CA65D}.Release|Any CPU.ActiveCfg = Release|Any CPU
		{82D50166-5D5E-4B8B-82D6-2479052CA65D}.Release|Any CPU.Build.0 = Release|Any CPU
		{53AFEC06-6AE0-4363-8EFB-666B94D537A2}.Debug|Any CPU.ActiveCfg = Debug|Any CPU
		{53AFEC06-6AE0-4363-8EFB-666B94D537A2}.Debug|Any CPU.Build.0 = Debug|Any CPU
		{53AFEC06-6AE0-4363-8EFB-666B94D537A2}.Release|Any CPU.ActiveCfg = Release|Any CPU
		{53AFEC06-6AE0-4363-8EFB-666B94D537A2}.Release|Any CPU.Build.0 = Release|Any CPU
		{C897A009-3779-426E-83F3-AED7EF2C8480}.Debug|Any CPU.ActiveCfg = Debug|Any CPU
		{C897A009-3779-426E-83F3-AED7EF2C8480}.Debug|Any CPU.Build.0 = Debug|Any CPU
		{C897A009-3779-426E-83F3-AED7EF2C8480}.Release|Any CPU.ActiveCfg = Release|Any CPU
		{C897A009-3779-426E-83F3-AED7EF2C8480}.Release|Any CPU.Build.0 = Release|Any CPU
		{71F6038B-A298-4949-B3E0-087C2E1A7643}.Debug|Any CPU.ActiveCfg = Debug|Any CPU
		{71F6038B-A298-4949-B3E0-087C2E1A7643}.Debug|Any CPU.Build.0 = Debug|Any CPU
		{71F6038B-A298-4949-B3E0-087C2E1A7643}.Release|Any CPU.ActiveCfg = Release|Any CPU
		{71F6038B-A298-4949-B3E0-087C2E1A7643}.Release|Any CPU.Build.0 = Release|Any CPU
		{26912149-350B-479F-BFCA-68702FD594E2}.Debug|Any CPU.ActiveCfg = Debug|Any CPU
		{26912149-350B-479F-BFCA-68702FD594E2}.Debug|Any CPU.Build.0 = Debug|Any CPU
		{26912149-350B-479F-BFCA-68702FD594E2}.Release|Any CPU.ActiveCfg = Release|Any CPU
		{26912149-350B-479F-BFCA-68702FD594E2}.Release|Any CPU.Build.0 = Release|Any CPU
		{FC1886A0-BBD1-4C1D-95C2-DA7F8B80084E}.Debug|Any CPU.ActiveCfg = Debug|Any CPU
		{FC1886A0-BBD1-4C1D-95C2-DA7F8B80084E}.Debug|Any CPU.Build.0 = Debug|Any CPU
		{FC1886A0-BBD1-4C1D-95C2-DA7F8B80084E}.Release|Any CPU.ActiveCfg = Release|Any CPU
		{FC1886A0-BBD1-4C1D-95C2-DA7F8B80084E}.Release|Any CPU.Build.0 = Release|Any CPU
		{5E6B7609-4F03-42A4-9006-7E063DBD4C2C}.Debug|Any CPU.ActiveCfg = Debug|Any CPU
		{5E6B7609-4F03-42A4-9006-7E063DBD4C2C}.Debug|Any CPU.Build.0 = Debug|Any CPU
		{5E6B7609-4F03-42A4-9006-7E063DBD4C2C}.Release|Any CPU.ActiveCfg = Release|Any CPU
		{5E6B7609-4F03-42A4-9006-7E063DBD4C2C}.Release|Any CPU.Build.0 = Release|Any CPU
		{FFDD8858-58B4-4533-8EC5-8F89D93BFB71}.Debug|Any CPU.ActiveCfg = Debug|Any CPU
		{FFDD8858-58B4-4533-8EC5-8F89D93BFB71}.Debug|Any CPU.Build.0 = Debug|Any CPU
		{FFDD8858-58B4-4533-8EC5-8F89D93BFB71}.Release|Any CPU.ActiveCfg = Release|Any CPU
		{FFDD8858-58B4-4533-8EC5-8F89D93BFB71}.Release|Any CPU.Build.0 = Release|Any CPU
		{A5BBE41A-AFBB-4ED0-AD62-35FE2E094BDB}.Debug|Any CPU.ActiveCfg = Debug|Any CPU
		{A5BBE41A-AFBB-4ED0-AD62-35FE2E094BDB}.Debug|Any CPU.Build.0 = Debug|Any CPU
		{A5BBE41A-AFBB-4ED0-AD62-35FE2E094BDB}.Release|Any CPU.ActiveCfg = Release|Any CPU
		{A5BBE41A-AFBB-4ED0-AD62-35FE2E094BDB}.Release|Any CPU.Build.0 = Release|Any CPU
		{53F49625-7518-4F07-99B6-6AAFBE366E12}.Debug|Any CPU.ActiveCfg = Debug|Any CPU
		{53F49625-7518-4F07-99B6-6AAFBE366E12}.Debug|Any CPU.Build.0 = Debug|Any CPU
		{53F49625-7518-4F07-99B6-6AAFBE366E12}.Release|Any CPU.ActiveCfg = Release|Any CPU
		{53F49625-7518-4F07-99B6-6AAFBE366E12}.Release|Any CPU.Build.0 = Release|Any CPU
		{68BBA9C0-DD49-4824-9D92-C7FDC502BAF4}.Debug|Any CPU.ActiveCfg = Debug|Any CPU
		{68BBA9C0-DD49-4824-9D92-C7FDC502BAF4}.Debug|Any CPU.Build.0 = Debug|Any CPU
		{68BBA9C0-DD49-4824-9D92-C7FDC502BAF4}.Release|Any CPU.ActiveCfg = Release|Any CPU
		{68BBA9C0-DD49-4824-9D92-C7FDC502BAF4}.Release|Any CPU.Build.0 = Release|Any CPU
		{BACF39CD-3320-4CCE-B368-FC5F7136730B}.Debug|Any CPU.ActiveCfg = Debug|Any CPU
		{BACF39CD-3320-4CCE-B368-FC5F7136730B}.Debug|Any CPU.Build.0 = Debug|Any CPU
		{BACF39CD-3320-4CCE-B368-FC5F7136730B}.Release|Any CPU.ActiveCfg = Release|Any CPU
		{BACF39CD-3320-4CCE-B368-FC5F7136730B}.Release|Any CPU.Build.0 = Release|Any CPU
		{054DC178-95D9-4AAA-8DBE-1C4CC521DBFD}.Debug|Any CPU.ActiveCfg = Debug|Any CPU
		{054DC178-95D9-4AAA-8DBE-1C4CC521DBFD}.Debug|Any CPU.Build.0 = Debug|Any CPU
		{054DC178-95D9-4AAA-8DBE-1C4CC521DBFD}.Release|Any CPU.ActiveCfg = Release|Any CPU
		{054DC178-95D9-4AAA-8DBE-1C4CC521DBFD}.Release|Any CPU.Build.0 = Release|Any CPU
	EndGlobalSection
	GlobalSection(SolutionProperties) = preSolution
		HideSolutionNode = FALSE
	EndGlobalSection
	GlobalSection(NestedProjects) = preSolution
		{82D50166-5D5E-4B8B-82D6-2479052CA65D} = {A5234160-739C-42BD-97E0-40AE1D9EFB9D}
		{53AFEC06-6AE0-4363-8EFB-666B94D537A2} = {A5234160-739C-42BD-97E0-40AE1D9EFB9D}
		{C897A009-3779-426E-83F3-AED7EF2C8480} = {D4261D39-C923-42F4-ACAF-90FEBFA43B54}
		{71F6038B-A298-4949-B3E0-087C2E1A7643} = {95D5B5F8-AA76-4129-AD41-8F3BDB26CF5E}
		{26912149-350B-479F-BFCA-68702FD594E2} = {51D6ECDD-6121-401C-93E6-8EF0C159451C}
		{FC1886A0-BBD1-4C1D-95C2-DA7F8B80084E} = {97D5DBDA-37E1-4E8D-9358-7E250A919C5C}
		{5E6B7609-4F03-42A4-9006-7E063DBD4C2C} = {2AC103F5-A3CF-49A9-8D33-8B2AADEC360D}
		{FFDD8858-58B4-4533-8EC5-8F89D93BFB71} = {97D5DBDA-37E1-4E8D-9358-7E250A919C5C}
		{A5BBE41A-AFBB-4ED0-AD62-35FE2E094BDB} = {1595552A-CC48-459C-A848-DB4E3B611547}
		{D4261D39-C923-42F4-ACAF-90FEBFA43B54} = {2AC103F5-A3CF-49A9-8D33-8B2AADEC360D}
		{97D5DBDA-37E1-4E8D-9358-7E250A919C5C} = {2AC103F5-A3CF-49A9-8D33-8B2AADEC360D}
		{1FDD6A18-DCFA-4200-A6BC-CB5B91082D9F} = {2AC103F5-A3CF-49A9-8D33-8B2AADEC360D}
		{53F49625-7518-4F07-99B6-6AAFBE366E12} = {1FDD6A18-DCFA-4200-A6BC-CB5B91082D9F}
		{68BBA9C0-DD49-4824-9D92-C7FDC502BAF4} = {D9630185-6953-4D04-84F3-CAC7DC854B70}
		{BACF39CD-3320-4CCE-B368-FC5F7136730B} = {D9630185-6953-4D04-84F3-CAC7DC854B70}
		{054DC178-95D9-4AAA-8DBE-1C4CC521DBFD} = {6242F99E-B6C2-4416-BBC2-A93243E0FE79}
	EndGlobalSection
	GlobalSection(ExtensibilityGlobals) = postSolution
		SolutionGuid = {07858EDB-D620-4CEF-B6F0-7E9BFE43163C}
	EndGlobalSection
EndGlobal
